
Microsoft Visual Studio Solution File, Format Version 12.00
# Visual Studio 15
VisualStudioVersion = 15.0.28307.572
MinimumVisualStudioVersion = 10.0.40219.1
Project("{FAE04EC0-301F-11D3-BF4B-00C04F79EFBC}") = "Skills-2019-Coding", "Skills-2019-Coding\Skills-2019-Coding.csproj", "{2930A8BD-31F8-41C3-8744-C1986A6F538E}"
EndProject
Global
	GlobalSection(SolutionConfigurationPlatforms) = preSolution
		Debug|Any CPU = Debug|Any CPU
		Release|Any CPU = Release|Any CPU
	EndGlobalSection
	GlobalSection(ProjectConfigurationPlatforms) = postSolution
		{2930A8BD-31F8-41C3-8744-C1986A6F538E}.Debug|Any CPU.ActiveCfg = Debug|Any CPU
		{2930A8BD-31F8-41C3-8744-C1986A6F538E}.Debug|Any CPU.Build.0 = Debug|Any CPU
		{2930A8BD-31F8-41C3-8744-C1986A6F538E}.Release|Any CPU.ActiveCfg = Release|Any CPU
		{2930A8BD-31F8-41C3-8744-C1986A6F538E}.Release|Any CPU.Build.0 = Release|Any CPU
	EndGlobalSection
	GlobalSection(SolutionProperties) = preSolution
		HideSolutionNode = FALSE
	EndGlobalSection
	GlobalSection(ExtensibilityGlobals) = postSolution
		SolutionGuid = {8DF257F8-A14A-452E-B360-8193FBCF4EAB}
	EndGlobalSection
EndGlobal
